
Microsoft Visual Studio Solution File, Format Version 12.00
# Visual Studio 15
VisualStudioVersion = 15.0.27130.2027
MinimumVisualStudioVersion = 10.0.40219.1
Project("{FAE04EC0-301F-11D3-BF4B-00C04F79EFBC}") = "SeatedNowMobile.Android", "SeatedNowMobile\SeatedNowMobile.Android\SeatedNowMobile.Android.csproj", "{219E2FF8-5FCF-49DE-AAA3-6BBC0AEA0BB2}"
EndProject
Project("{FAE04EC0-301F-11D3-BF4B-00C04F79EFBC}") = "SeatedNowMobile.iOS", "SeatedNowMobile\SeatedNowMobile.iOS\SeatedNowMobile.iOS.csproj", "{226A7DA4-B275-4E4D-9B8C-BA58ED51ABD9}"
EndProject
Project("{FAE04EC0-301F-11D3-BF4B-00C04F79EFBC}") = "SeatedNowMobile.UWP", "SeatedNowMobile\SeatedNowMobile.UWP\SeatedNowMobile.UWP.csproj", "{73FD7139-18EA-4290-A7C9-61EF040DD6DB}"
EndProject
Project("{D954291E-2A0B-460D-934E-DC6B0785DB48}") = "SeatedNowMobile", "SeatedNowMobile\SeatedNowMobile\SeatedNowMobile.shproj", "{344B057E-57D9-4A02-A980-110D9092C6CE}"
EndProject
Global
	GlobalSection(SharedMSBuildProjectFiles) = preSolution
		SeatedNowMobile\SeatedNowMobile\SeatedNowMobile.projitems*{219e2ff8-5fcf-49de-aaa3-6bbc0aea0bb2}*SharedItemsImports = 4
		SeatedNowMobile\SeatedNowMobile\SeatedNowMobile.projitems*{226a7da4-b275-4e4d-9b8c-ba58ed51abd9}*SharedItemsImports = 4
		SeatedNowMobile\SeatedNowMobile\SeatedNowMobile.projitems*{344b057e-57d9-4a02-a980-110d9092c6ce}*SharedItemsImports = 13
		SeatedNowMobile\SeatedNowMobile\SeatedNowMobile.projitems*{73fd7139-18ea-4290-a7c9-61ef040dd6db}*SharedItemsImports = 4
	EndGlobalSection
	GlobalSection(SolutionConfigurationPlatforms) = preSolution
		Ad-Hoc|Any CPU = Ad-Hoc|Any CPU
		Ad-Hoc|ARM = Ad-Hoc|ARM
		Ad-Hoc|iPhone = Ad-Hoc|iPhone
		Ad-Hoc|iPhoneSimulator = Ad-Hoc|iPhoneSimulator
		Ad-Hoc|x64 = Ad-Hoc|x64
		Ad-Hoc|x86 = Ad-Hoc|x86
		AppStore|Any CPU = AppStore|Any CPU
		AppStore|ARM = AppStore|ARM
		AppStore|iPhone = AppStore|iPhone
		AppStore|iPhoneSimulator = AppStore|iPhoneSimulator
		AppStore|x64 = AppStore|x64
		AppStore|x86 = AppStore|x86
		Debug|Any CPU = Debug|Any CPU
		Debug|ARM = Debug|ARM
		Debug|iPhone = Debug|iPhone
		Debug|iPhoneSimulator = Debug|iPhoneSimulator
		Debug|x64 = Debug|x64
		Debug|x86 = Debug|x86
		Release|Any CPU = Release|Any CPU
		Release|ARM = Release|ARM
		Release|iPhone = Release|iPhone
		Release|iPhoneSimulator = Release|iPhoneSimulator
		Release|x64 = Release|x64
		Release|x86 = Release|x86
	EndGlobalSection
	GlobalSection(ProjectConfigurationPlatforms) = postSolution
		{219E2FF8-5FCF-49DE-AAA3-6BBC0AEA0BB2}.Ad-Hoc|Any CPU.ActiveCfg = Release|Any CPU
		{219E2FF8-5FCF-49DE-AAA3-6BBC0AEA0BB2}.Ad-Hoc|Any CPU.Build.0 = Release|Any CPU
		{219E2FF8-5FCF-49DE-AAA3-6BBC0AEA0BB2}.Ad-Hoc|Any CPU.Deploy.0 = Release|Any CPU
		{219E2FF8-5FCF-49DE-AAA3-6BBC0AEA0BB2}.Ad-Hoc|ARM.ActiveCfg = Release|Any CPU
		{219E2FF8-5FCF-49DE-AAA3-6BBC0AEA0BB2}.Ad-Hoc|ARM.Build.0 = Release|Any CPU
		{219E2FF8-5FCF-49DE-AAA3-6BBC0AEA0BB2}.Ad-Hoc|ARM.Deploy.0 = Release|Any CPU
		{219E2FF8-5FCF-49DE-AAA3-6BBC0AEA0BB2}.Ad-Hoc|iPhone.ActiveCfg = Release|Any CPU
		{219E2FF8-5FCF-49DE-AAA3-6BBC0AEA0BB2}.Ad-Hoc|iPhone.Build.0 = Release|Any CPU
		{219E2FF8-5FCF-49DE-AAA3-6BBC0AEA0BB2}.Ad-Hoc|iPhone.Deploy.0 = Release|Any CPU
		{219E2FF8-5FCF-49DE-AAA3-6BBC0AEA0BB2}.Ad-Hoc|iPhoneSimulator.ActiveCfg = Release|Any CPU
		{219E2FF8-5FCF-49DE-AAA3-6BBC0AEA0BB2}.Ad-Hoc|iPhoneSimulator.Build.0 = Release|Any CPU
		{219E2FF8-5FCF-49DE-AAA3-6BBC0AEA0BB2}.Ad-Hoc|iPhoneSimulator.Deploy.0 = Release|Any CPU
		{219E2FF8-5FCF-49DE-AAA3-6BBC0AEA0BB2}.Ad-Hoc|x64.ActiveCfg = Release|Any CPU
		{219E2FF8-5FCF-49DE-AAA3-6BBC0AEA0BB2}.Ad-Hoc|x64.Build.0 = Release|Any CPU
		{219E2FF8-5FCF-49DE-AAA3-6BBC0AEA0BB2}.Ad-Hoc|x64.Deploy.0 = Release|Any CPU
		{219E2FF8-5FCF-49DE-AAA3-6BBC0AEA0BB2}.Ad-Hoc|x86.ActiveCfg = Release|Any CPU
		{219E2FF8-5FCF-49DE-AAA3-6BBC0AEA0BB2}.Ad-Hoc|x86.Build.0 = Release|Any CPU
		{219E2FF8-5FCF-49DE-AAA3-6BBC0AEA0BB2}.Ad-Hoc|x86.Deploy.0 = Release|Any CPU
		{219E2FF8-5FCF-49DE-AAA3-6BBC0AEA0BB2}.AppStore|Any CPU.ActiveCfg = Release|Any CPU
		{219E2FF8-5FCF-49DE-AAA3-6BBC0AEA0BB2}.AppStore|Any CPU.Build.0 = Release|Any CPU
		{219E2FF8-5FCF-49DE-AAA3-6BBC0AEA0BB2}.AppStore|Any CPU.Deploy.0 = Release|Any CPU
		{219E2FF8-5FCF-49DE-AAA3-6BBC0AEA0BB2}.AppStore|ARM.ActiveCfg = Release|Any CPU
		{219E2FF8-5FCF-49DE-AAA3-6BBC0AEA0BB2}.AppStore|ARM.Build.0 = Release|Any CPU
		{219E2FF8-5FCF-49DE-AAA3-6BBC0AEA0BB2}.AppStore|ARM.Deploy.0 = Release|Any CPU
		{219E2FF8-5FCF-49DE-AAA3-6BBC0AEA0BB2}.AppStore|iPhone.ActiveCfg = Release|Any CPU
		{219E2FF8-5FCF-49DE-AAA3-6BBC0AEA0BB2}.AppStore|iPhone.Build.0 = Release|Any CPU
		{219E2FF8-5FCF-49DE-AAA3-6BBC0AEA0BB2}.AppStore|iPhone.Deploy.0 = Release|Any CPU
		{219E2FF8-5FCF-49DE-AAA3-6BBC0AEA0BB2}.AppStore|iPhoneSimulator.ActiveCfg = Release|Any CPU
		{219E2FF8-5FCF-49DE-AAA3-6BBC0AEA0BB2}.AppStore|iPhoneSimulator.Build.0 = Release|Any CPU
		{219E2FF8-5FCF-49DE-AAA3-6BBC0AEA0BB2}.AppStore|iPhoneSimulator.Deploy.0 = Release|Any CPU
		{219E2FF8-5FCF-49DE-AAA3-6BBC0AEA0BB2}.AppStore|x64.ActiveCfg = Release|Any CPU
		{219E2FF8-5FCF-49DE-AAA3-6BBC0AEA0BB2}.AppStore|x64.Build.0 = Release|Any CPU
		{219E2FF8-5FCF-49DE-AAA3-6BBC0AEA0BB2}.AppStore|x64.Deploy.0 = Release|Any CPU
		{219E2FF8-5FCF-49DE-AAA3-6BBC0AEA0BB2}.AppStore|x86.ActiveCfg = Release|Any CPU
		{219E2FF8-5FCF-49DE-AAA3-6BBC0AEA0BB2}.AppStore|x86.Build.0 = Release|Any CPU
		{219E2FF8-5FCF-49DE-AAA3-6BBC0AEA0BB2}.AppStore|x86.Deploy.0 = Release|Any CPU
		{219E2FF8-5FCF-49DE-AAA3-6BBC0AEA0BB2}.Debug|Any CPU.ActiveCfg = Debug|Any CPU
		{219E2FF8-5FCF-49DE-AAA3-6BBC0AEA0BB2}.Debug|Any CPU.Build.0 = Debug|Any CPU
		{219E2FF8-5FCF-49DE-AAA3-6BBC0AEA0BB2}.Debug|Any CPU.Deploy.0 = Debug|Any CPU
		{219E2FF8-5FCF-49DE-AAA3-6BBC0AEA0BB2}.Debug|ARM.ActiveCfg = Debug|Any CPU
		{219E2FF8-5FCF-49DE-AAA3-6BBC0AEA0BB2}.Debug|ARM.Build.0 = Debug|Any CPU
		{219E2FF8-5FCF-49DE-AAA3-6BBC0AEA0BB2}.Debug|ARM.Deploy.0 = Debug|Any CPU
		{219E2FF8-5FCF-49DE-AAA3-6BBC0AEA0BB2}.Debug|iPhone.ActiveCfg = Debug|Any CPU
		{219E2FF8-5FCF-49DE-AAA3-6BBC0AEA0BB2}.Debug|iPhone.Build.0 = Debug|Any CPU
		{219E2FF8-5FCF-49DE-AAA3-6BBC0AEA0BB2}.Debug|iPhone.Deploy.0 = Debug|Any CPU
		{219E2FF8-5FCF-49DE-AAA3-6BBC0AEA0BB2}.Debug|iPhoneSimulator.ActiveCfg = Debug|Any CPU
		{219E2FF8-5FCF-49DE-AAA3-6BBC0AEA0BB2}.Debug|iPhoneSimulator.Build.0 = Debug|Any CPU
		{219E2FF8-5FCF-49DE-AAA3-6BBC0AEA0BB2}.Debug|iPhoneSimulator.Deploy.0 = Debug|Any CPU
		{219E2FF8-5FCF-49DE-AAA3-6BBC0AEA0BB2}.Debug|x64.ActiveCfg = Debug|Any CPU
		{219E2FF8-5FCF-49DE-AAA3-6BBC0AEA0BB2}.Debug|x64.Build.0 = Debug|Any CPU
		{219E2FF8-5FCF-49DE-AAA3-6BBC0AEA0BB2}.Debug|x64.Deploy.0 = Debug|Any CPU
		{219E2FF8-5FCF-49DE-AAA3-6BBC0AEA0BB2}.Debug|x86.ActiveCfg = Debug|Any CPU
		{219E2FF8-5FCF-49DE-AAA3-6BBC0AEA0BB2}.Debug|x86.Build.0 = Debug|Any CPU
		{219E2FF8-5FCF-49DE-AAA3-6BBC0AEA0BB2}.Debug|x86.Deploy.0 = Debug|Any CPU
		{219E2FF8-5FCF-49DE-AAA3-6BBC0AEA0BB2}.Release|Any CPU.ActiveCfg = Release|Any CPU
		{219E2FF8-5FCF-49DE-AAA3-6BBC0AEA0BB2}.Release|Any CPU.Build.0 = Release|Any CPU
		{219E2FF8-5FCF-49DE-AAA3-6BBC0AEA0BB2}.Release|Any CPU.Deploy.0 = Release|Any CPU
		{219E2FF8-5FCF-49DE-AAA3-6BBC0AEA0BB2}.Release|ARM.ActiveCfg = Release|Any CPU
		{219E2FF8-5FCF-49DE-AAA3-6BBC0AEA0BB2}.Release|ARM.Build.0 = Release|Any CPU
		{219E2FF8-5FCF-49DE-AAA3-6BBC0AEA0BB2}.Release|ARM.Deploy.0 = Release|Any CPU
		{219E2FF8-5FCF-49DE-AAA3-6BBC0AEA0BB2}.Release|iPhone.ActiveCfg = Release|Any CPU
		{219E2FF8-5FCF-49DE-AAA3-6BBC0AEA0BB2}.Release|iPhone.Build.0 = Release|Any CPU
		{219E2FF8-5FCF-49DE-AAA3-6BBC0AEA0BB2}.Release|iPhone.Deploy.0 = Release|Any CPU
		{219E2FF8-5FCF-49DE-AAA3-6BBC0AEA0BB2}.Release|iPhoneSimulator.ActiveCfg = Release|Any CPU
		{219E2FF8-5FCF-49DE-AAA3-6BBC0AEA0BB2}.Release|iPhoneSimulator.Build.0 = Release|Any CPU
		{219E2FF8-5FCF-49DE-AAA3-6BBC0AEA0BB2}.Release|iPhoneSimulator.Deploy.0 = Release|Any CPU
		{219E2FF8-5FCF-49DE-AAA3-6BBC0AEA0BB2}.Release|x64.ActiveCfg = Release|Any CPU
		{219E2FF8-5FCF-49DE-AAA3-6BBC0AEA0BB2}.Release|x64.Build.0 = Release|Any CPU
		{219E2FF8-5FCF-49DE-AAA3-6BBC0AEA0BB2}.Release|x64.Deploy.0 = Release|Any CPU
		{219E2FF8-5FCF-49DE-AAA3-6BBC0AEA0BB2}.Release|x86.ActiveCfg = Release|Any CPU
		{219E2FF8-5FCF-49DE-AAA3-6BBC0AEA0BB2}.Release|x86.Build.0 = Release|Any CPU
		{219E2FF8-5FCF-49DE-AAA3-6BBC0AEA0BB2}.Release|x86.Deploy.0 = Release|Any CPU
		{226A7DA4-B275-4E4D-9B8C-BA58ED51ABD9}.Ad-Hoc|Any CPU.ActiveCfg = Ad-Hoc|iPhone
		{226A7DA4-B275-4E4D-9B8C-BA58ED51ABD9}.Ad-Hoc|ARM.ActiveCfg = Ad-Hoc|iPhone
		{226A7DA4-B275-4E4D-9B8C-BA58ED51ABD9}.Ad-Hoc|iPhone.ActiveCfg = Ad-Hoc|iPhone
		{226A7DA4-B275-4E4D-9B8C-BA58ED51ABD9}.Ad-Hoc|iPhone.Build.0 = Ad-Hoc|iPhone
		{226A7DA4-B275-4E4D-9B8C-BA58ED51ABD9}.Ad-Hoc|iPhoneSimulator.ActiveCfg = Ad-Hoc|iPhoneSimulator
		{226A7DA4-B275-4E4D-9B8C-BA58ED51ABD9}.Ad-Hoc|iPhoneSimulator.Build.0 = Ad-Hoc|iPhoneSimulator
		{226A7DA4-B275-4E4D-9B8C-BA58ED51ABD9}.Ad-Hoc|x64.ActiveCfg = Ad-Hoc|iPhone
		{226A7DA4-B275-4E4D-9B8C-BA58ED51ABD9}.Ad-Hoc|x86.ActiveCfg = Ad-Hoc|iPhone
		{226A7DA4-B275-4E4D-9B8C-BA58ED51ABD9}.AppStore|Any CPU.ActiveCfg = AppStore|iPhone
		{226A7DA4-B275-4E4D-9B8C-BA58ED51ABD9}.AppStore|ARM.ActiveCfg = AppStore|iPhone
		{226A7DA4-B275-4E4D-9B8C-BA58ED51ABD9}.AppStore|iPhone.ActiveCfg = AppStore|iPhone
		{226A7DA4-B275-4E4D-9B8C-BA58ED51ABD9}.AppStore|iPhone.Build.0 = AppStore|iPhone
		{226A7DA4-B275-4E4D-9B8C-BA58ED51ABD9}.AppStore|iPhoneSimulator.ActiveCfg = AppStore|iPhoneSimulator
		{226A7DA4-B275-4E4D-9B8C-BA58ED51ABD9}.AppStore|iPhoneSimulator.Build.0 = AppStore|iPhoneSimulator
		{226A7DA4-B275-4E4D-9B8C-BA58ED51ABD9}.AppStore|x64.ActiveCfg = AppStore|iPhone
		{226A7DA4-B275-4E4D-9B8C-BA58ED51ABD9}.AppStore|x86.ActiveCfg = AppStore|iPhone
		{226A7DA4-B275-4E4D-9B8C-BA58ED51ABD9}.Debug|Any CPU.ActiveCfg = Debug|iPhone
		{226A7DA4-B275-4E4D-9B8C-BA58ED51ABD9}.Debug|ARM.ActiveCfg = Debug|iPhone
		{226A7DA4-B275-4E4D-9B8C-BA58ED51ABD9}.Debug|iPhone.ActiveCfg = Debug|iPhone
		{226A7DA4-B275-4E4D-9B8C-BA58ED51ABD9}.Debug|iPhone.Build.0 = Debug|iPhone
		{226A7DA4-B275-4E4D-9B8C-BA58ED51ABD9}.Debug|iPhoneSimulator.ActiveCfg = Debug|iPhoneSimulator
		{226A7DA4-B275-4E4D-9B8C-BA58ED51ABD9}.Debug|iPhoneSimulator.Build.0 = Debug|iPhoneSimulator
		{226A7DA4-B275-4E4D-9B8C-BA58ED51ABD9}.Debug|x64.ActiveCfg = Debug|iPhone
		{226A7DA4-B275-4E4D-9B8C-BA58ED51ABD9}.Debug|x86.ActiveCfg = Debug|iPhone
		{226A7DA4-B275-4E4D-9B8C-BA58ED51ABD9}.Release|Any CPU.ActiveCfg = Release|iPhone
		{226A7DA4-B275-4E4D-9B8C-BA58ED51ABD9}.Release|ARM.ActiveCfg = Release|iPhone
		{226A7DA4-B275-4E4D-9B8C-BA58ED51ABD9}.Release|iPhone.ActiveCfg = Release|iPhone
		{226A7DA4-B275-4E4D-9B8C-BA58ED51ABD9}.Release|iPhone.Build.0 = Release|iPhone
		{226A7DA4-B275-4E4D-9B8C-BA58ED51ABD9}.Release|iPhoneSimulator.ActiveCfg = Release|iPhoneSimulator
		{226A7DA4-B275-4E4D-9B8C-BA58ED51ABD9}.Release|iPhoneSimulator.Build.0 = Release|iPhoneSimulator
		{226A7DA4-B275-4E4D-9B8C-BA58ED51ABD9}.Release|x64.ActiveCfg = Release|iPhone
		{226A7DA4-B275-4E4D-9B8C-BA58ED51ABD9}.Release|x86.ActiveCfg = Release|iPhone
		{73FD7139-18EA-4290-A7C9-61EF040DD6DB}.Ad-Hoc|Any CPU.ActiveCfg = Release|x86
		{73FD7139-18EA-4290-A7C9-61EF040DD6DB}.Ad-Hoc|Any CPU.Build.0 = Release|x86
		{73FD7139-18EA-4290-A7C9-61EF040DD6DB}.Ad-Hoc|Any CPU.Deploy.0 = Release|x86
		{73FD7139-18EA-4290-A7C9-61EF040DD6DB}.Ad-Hoc|ARM.ActiveCfg = Release|ARM
		{73FD7139-18EA-4290-A7C9-61EF040DD6DB}.Ad-Hoc|ARM.Build.0 = Release|ARM
		{73FD7139-18EA-4290-A7C9-61EF040DD6DB}.Ad-Hoc|ARM.Deploy.0 = Release|ARM
		{73FD7139-18EA-4290-A7C9-61EF040DD6DB}.Ad-Hoc|iPhone.ActiveCfg = Release|x86
		{73FD7139-18EA-4290-A7C9-61EF040DD6DB}.Ad-Hoc|iPhone.Build.0 = Release|x86
		{73FD7139-18EA-4290-A7C9-61EF040DD6DB}.Ad-Hoc|iPhone.Deploy.0 = Release|x86
		{73FD7139-18EA-4290-A7C9-61EF040DD6DB}.Ad-Hoc|iPhoneSimulator.ActiveCfg = Release|x86
		{73FD7139-18EA-4290-A7C9-61EF040DD6DB}.Ad-Hoc|iPhoneSimulator.Build.0 = Release|x86
		{73FD7139-18EA-4290-A7C9-61EF040DD6DB}.Ad-Hoc|iPhoneSimulator.Deploy.0 = Release|x86
		{73FD7139-18EA-4290-A7C9-61EF040DD6DB}.Ad-Hoc|x64.ActiveCfg = Release|x64
		{73FD7139-18EA-4290-A7C9-61EF040DD6DB}.Ad-Hoc|x64.Build.0 = Release|x64
		{73FD7139-18EA-4290-A7C9-61EF040DD6DB}.Ad-Hoc|x64.Deploy.0 = Release|x64
		{73FD7139-18EA-4290-A7C9-61EF040DD6DB}.Ad-Hoc|x86.ActiveCfg = Release|x86
		{73FD7139-18EA-4290-A7C9-61EF040DD6DB}.Ad-Hoc|x86.Build.0 = Release|x86
		{73FD7139-18EA-4290-A7C9-61EF040DD6DB}.Ad-Hoc|x86.Deploy.0 = Release|x86
		{73FD7139-18EA-4290-A7C9-61EF040DD6DB}.AppStore|Any CPU.ActiveCfg = Release|x86
		{73FD7139-18EA-4290-A7C9-61EF040DD6DB}.AppStore|Any CPU.Build.0 = Release|x86
		{73FD7139-18EA-4290-A7C9-61EF040DD6DB}.AppStore|Any CPU.Deploy.0 = Release|x86
		{73FD7139-18EA-4290-A7C9-61EF040DD6DB}.AppStore|ARM.ActiveCfg = Release|ARM
		{73FD7139-18EA-4290-A7C9-61EF040DD6DB}.AppStore|ARM.Build.0 = Release|ARM
		{73FD7139-18EA-4290-A7C9-61EF040DD6DB}.AppStore|ARM.Deploy.0 = Release|ARM
		{73FD7139-18EA-4290-A7C9-61EF040DD6DB}.AppStore|iPhone.ActiveCfg = Release|x86
		{73FD7139-18EA-4290-A7C9-61EF040DD6DB}.AppStore|iPhone.Build.0 = Release|x86
		{73FD7139-18EA-4290-A7C9-61EF040DD6DB}.AppStore|iPhone.Deploy.0 = Release|x86
		{73FD7139-18EA-4290-A7C9-61EF040DD6DB}.AppStore|iPhoneSimulator.ActiveCfg = Release|x86
		{73FD7139-18EA-4290-A7C9-61EF040DD6DB}.AppStore|iPhoneSimulator.Build.0 = Release|x86
		{73FD7139-18EA-4290-A7C9-61EF040DD6DB}.AppStore|iPhoneSimulator.Deploy.0 = Release|x86
		{73FD7139-18EA-4290-A7C9-61EF040DD6DB}.AppStore|x64.ActiveCfg = Release|x64
		{73FD7139-18EA-4290-A7C9-61EF040DD6DB}.AppStore|x64.Build.0 = Release|x64
		{73FD7139-18EA-4290-A7C9-61EF040DD6DB}.AppStore|x64.Deploy.0 = Release|x64
		{73FD7139-18EA-4290-A7C9-61EF040DD6DB}.AppStore|x86.ActiveCfg = Release|x86
		{73FD7139-18EA-4290-A7C9-61EF040DD6DB}.AppStore|x86.Build.0 = Release|x86
		{73FD7139-18EA-4290-A7C9-61EF040DD6DB}.AppStore|x86.Deploy.0 = Release|x86
		{73FD7139-18EA-4290-A7C9-61EF040DD6DB}.Debug|Any CPU.ActiveCfg = Debug|x86
		{73FD7139-18EA-4290-A7C9-61EF040DD6DB}.Debug|ARM.ActiveCfg = Debug|ARM
		{73FD7139-18EA-4290-A7C9-61EF040DD6DB}.Debug|ARM.Build.0 = Debug|ARM
		{73FD7139-18EA-4290-A7C9-61EF040DD6DB}.Debug|ARM.Deploy.0 = Debug|ARM
		{73FD7139-18EA-4290-A7C9-61EF040DD6DB}.Debug|iPhone.ActiveCfg = Debug|x86
		{73FD7139-18EA-4290-A7C9-61EF040DD6DB}.Debug|iPhoneSimulator.ActiveCfg = Debug|x86
		{73FD7139-18EA-4290-A7C9-61EF040DD6DB}.Debug|x64.ActiveCfg = Debug|x64
		{73FD7139-18EA-4290-A7C9-61EF040DD6DB}.Debug|x64.Build.0 = Debug|x64
		{73FD7139-18EA-4290-A7C9-61EF040DD6DB}.Debug|x64.Deploy.0 = Debug|x64
		{73FD7139-18EA-4290-A7C9-61EF040DD6DB}.Debug|x86.ActiveCfg = Debug|x86
		{73FD7139-18EA-4290-A7C9-61EF040DD6DB}.Debug|x86.Build.0 = Debug|x86
		{73FD7139-18EA-4290-A7C9-61EF040DD6DB}.Debug|x86.Deploy.0 = Debug|x86
		{73FD7139-18EA-4290-A7C9-61EF040DD6DB}.Release|Any CPU.ActiveCfg = Release|x86
		{73FD7139-18EA-4290-A7C9-61EF040DD6DB}.Release|ARM.ActiveCfg = Release|ARM
		{73FD7139-18EA-4290-A7C9-61EF040DD6DB}.Release|ARM.Build.0 = Release|ARM
		{73FD7139-18EA-4290-A7C9-61EF040DD6DB}.Release|ARM.Deploy.0 = Release|ARM
		{73FD7139-18EA-4290-A7C9-61EF040DD6DB}.Release|iPhone.ActiveCfg = Release|x86
		{73FD7139-18EA-4290-A7C9-61EF040DD6DB}.Release|iPhoneSimulator.ActiveCfg = Release|x86
		{73FD7139-18EA-4290-A7C9-61EF040DD6DB}.Release|x64.ActiveCfg = Release|x64
		{73FD7139-18EA-4290-A7C9-61EF040DD6DB}.Release|x64.Build.0 = Release|x64
		{73FD7139-18EA-4290-A7C9-61EF040DD6DB}.Release|x64.Deploy.0 = Release|x64
		{73FD7139-18EA-4290-A7C9-61EF040DD6DB}.Release|x86.ActiveCfg = Release|x86
		{73FD7139-18EA-4290-A7C9-61EF040DD6DB}.Release|x86.Build.0 = Release|x86
		{73FD7139-18EA-4290-A7C9-61EF040DD6DB}.Release|x86.Deploy.0 = Release|x86
	EndGlobalSection
	GlobalSection(SolutionProperties) = preSolution
		HideSolutionNode = FALSE
	EndGlobalSection
	GlobalSection(ExtensibilityGlobals) = postSolution
		SolutionGuid = {4AAF8CC4-A677-46A2-95EB-9A06E472CC57}
	EndGlobalSection
EndGlobal
